// !$*UTF8*$!
{
	archiveVersion = 1;
	classes = {
	};
	objectVersion = 77;
	objects = {

/* Begin PBXBuildFile section */
		802095F32DEE76CB00D8CA96 /* Orb in Frameworks */ = {isa = PBXBuildFile; productRef = 802095F22DEE76CB00D8CA96 /* Orb */; };
		802096392DEEBD9500D8CA96 /* Launch Screen.storyboard in Resources */ = {isa = PBXBuildFile; fileRef = 802096382DEEBD9500D8CA96 /* Launch Screen.storyboard */; };
		805DC3302DEDA37B0051F352 /* Orb in Frameworks */ = {isa = PBXBuildFile; productRef = 805DC32F2DEDA37B0051F352 /* Orb */; };
		805DC3332DEDA3960051F352 /* Orb in Frameworks */ = {isa = PBXBuildFile; productRef = 805DC3322DEDA3960051F352 /* Orb */; };
		805DC3362DEDA3E90051F352 /* Orb in Frameworks */ = {isa = PBXBuildFile; productRef = 805DC3352DEDA3E90051F352 /* Orb */; };
/* End PBXBuildFile section */

/* Begin PBXContainerItemProxy section */
		40630D622DE8320F00355273 /* PBXContainerItemProxy */ = {
			isa = PBXContainerItemProxy;
			containerPortal = 40630D4C2DE8320E00355273 /* Project object */;
			proxyType = 1;
			remoteGlobalIDString = 40630D532DE8320E00355273;
			remoteInfo = sleepBreakdown;
		};
		40630D6C2DE8320F00355273 /* PBXContainerItemProxy */ = {
			isa = PBXContainerItemProxy;
			containerPortal = 40630D4C2DE8320E00355273 /* Project object */;
			proxyType = 1;
			remoteGlobalIDString = 40630D532DE8320E00355273;
			remoteInfo = sleepBreakdown;
		};
/* End PBXContainerItemProxy section */

/* Begin PBXFileReference section */
		40630D542DE8320E00355273 /* sleepBreakdown.app */ = {isa = PBXFileReference; explicitFileType = wrapper.application; includeInIndex = 0; path = sleepBreakdown.app; sourceTree = BUILT_PRODUCTS_DIR; };
		40630D612DE8320F00355273 /* sleepBreakdownTests.xctest */ = {isa = PBXFileReference; explicitFileType = wrapper.cfbundle; includeInIndex = 0; path = sleepBreakdownTests.xctest; sourceTree = BUILT_PRODUCTS_DIR; };
		40630D6B2DE8320F00355273 /* sleepBreakdownUITests.xctest */ = {isa = PBXFileReference; explicitFileType = wrapper.cfbundle; includeInIndex = 0; path = sleepBreakdownUITests.xctest; sourceTree = BUILT_PRODUCTS_DIR; };
		802096382DEEBD9500D8CA96 /* Launch Screen.storyboard */ = {isa = PBXFileReference; lastKnownFileType = file.storyboard; path = "Launch Screen.storyboard"; sourceTree = "<group>"; };
/* End PBXFileReference section */

/* Begin PBXFileSystemSynchronizedRootGroup section */
		40630D562DE8320E00355273 /* sleepBreakdown */ = {
			isa = PBXFileSystemSynchronizedRootGroup;
			path = sleepBreakdown;
			sourceTree = "<group>";
		};
		40630D642DE8320F00355273 /* sleepBreakdownTests */ = {
			isa = PBXFileSystemSynchronizedRootGroup;
			path = sleepBreakdownTests;
			sourceTree = "<group>";
		};
		40630D6E2DE8320F00355273 /* sleepBreakdownUITests */ = {
			isa = PBXFileSystemSynchronizedRootGroup;
			path = sleepBreakdownUITests;
			sourceTree = "<group>";
		};
/* End PBXFileSystemSynchronizedRootGroup section */

/* Begin PBXFrameworksBuildPhase section */
		40630D512DE8320E00355273 /* Frameworks */ = {
			isa = PBXFrameworksBuildPhase;
			buildActionMask = 2147483647;
			files = (
				805DC3362DEDA3E90051F352 /* Orb in Frameworks */,
				805DC3332DEDA3960051F352 /* Orb in Frameworks */,
				802095F32DEE76CB00D8CA96 /* Orb in Frameworks */,
				805DC3302DEDA37B0051F352 /* Orb in Frameworks */,
			);
			runOnlyForDeploymentPostprocessing = 0;
		};
		40630D5E2DE8320F00355273 /* Frameworks */ = {
			isa = PBXFrameworksBuildPhase;
			buildActionMask = 2147483647;
			files = (
			);
			runOnlyForDeploymentPostprocessing = 0;
		};
		40630D682DE8320F00355273 /* Frameworks */ = {
			isa = PBXFrameworksBuildPhase;
			buildActionMask = 2147483647;
			files = (
			);
			runOnlyForDeploymentPostprocessing = 0;
		};
/* End PBXFrameworksBuildPhase section */

/* Begin PBXGroup section */
		40630D4B2DE8320E00355273 = {
			isa = PBXGroup;
			children = (
				802096382DEEBD9500D8CA96 /* Launch Screen.storyboard */,
				40630D562DE8320E00355273 /* sleepBreakdown */,
				40630D642DE8320F00355273 /* sleepBreakdownTests */,
				40630D6E2DE8320F00355273 /* sleepBreakdownUITests */,
				40630D552DE8320E00355273 /* Products */,
			);
			sourceTree = "<group>";
		};
		40630D552DE8320E00355273 /* Products */ = {
			isa = PBXGroup;
			children = (
				40630D542DE8320E00355273 /* sleepBreakdown.app */,
				40630D612DE8320F00355273 /* sleepBreakdownTests.xctest */,
				40630D6B2DE8320F00355273 /* sleepBreakdownUITests.xctest */,
			);
			name = Products;
			sourceTree = "<group>";
		};
/* End PBXGroup section */

/* Begin PBXNativeTarget section */
		40630D532DE8320E00355273 /* sleepBreakdown */ = {
			isa = PBXNativeTarget;
			buildConfigurationList = 40630D752DE8320F00355273 /* Build configuration list for PBXNativeTarget "sleepBreakdown" */;
			buildPhases = (
				40630D502DE8320E00355273 /* Sources */,
				40630D512DE8320E00355273 /* Frameworks */,
				40630D522DE8320E00355273 /* Resources */,
			);
			buildRules = (
			);
			dependencies = (
			);
			fileSystemSynchronizedGroups = (
				40630D562DE8320E00355273 /* sleepBreakdown */,
			);
			name = sleepBreakdown;
			packageProductDependencies = (
				805DC32F2DEDA37B0051F352 /* Orb */,
				805DC3322DEDA3960051F352 /* Orb */,
				805DC3352DEDA3E90051F352 /* Orb */,
				802095F22DEE76CB00D8CA96 /* Orb */,
			);
			productName = sleepBreakdown;
			productReference = 40630D542DE8320E00355273 /* sleepBreakdown.app */;
			productType = "com.apple.product-type.application";
		};
		40630D602DE8320F00355273 /* sleepBreakdownTests */ = {
			isa = PBXNativeTarget;
			buildConfigurationList = 40630D782DE8320F00355273 /* Build configuration list for PBXNativeTarget "sleepBreakdownTests" */;
			buildPhases = (
				40630D5D2DE8320F00355273 /* Sources */,
				40630D5E2DE8320F00355273 /* Frameworks */,
				40630D5F2DE8320F00355273 /* Resources */,
			);
			buildRules = (
			);
			dependencies = (
				40630D632DE8320F00355273 /* PBXTargetDependency */,
			);
			fileSystemSynchronizedGroups = (
				40630D642DE8320F00355273 /* sleepBreakdownTests */,
			);
			name = sleepBreakdownTests;
			packageProductDependencies = (
			);
			productName = sleepBreakdownTests;
			productReference = 40630D612DE8320F00355273 /* sleepBreakdownTests.xctest */;
			productType = "com.apple.product-type.bundle.unit-test";
		};
		40630D6A2DE8320F00355273 /* sleepBreakdownUITests */ = {
			isa = PBXNativeTarget;
			buildConfigurationList = 40630D7B2DE8320F00355273 /* Build configuration list for PBXNativeTarget "sleepBreakdownUITests" */;
			buildPhases = (
				40630D672DE8320F00355273 /* Sources */,
				40630D682DE8320F00355273 /* Frameworks */,
				40630D692DE8320F00355273 /* Resources */,
			);
			buildRules = (
			);
			dependencies = (
				40630D6D2DE8320F00355273 /* PBXTargetDependency */,
			);
			fileSystemSynchronizedGroups = (
				40630D6E2DE8320F00355273 /* sleepBreakdownUITests */,
			);
			name = sleepBreakdownUITests;
			packageProductDependencies = (
			);
			productName = sleepBreakdownUITests;
			productReference = 40630D6B2DE8320F00355273 /* sleepBreakdownUITests.xctest */;
			productType = "com.apple.product-type.bundle.ui-testing";
		};
/* End PBXNativeTarget section */

/* Begin PBXProject section */
		40630D4C2DE8320E00355273 /* Project object */ = {
			isa = PBXProject;
			attributes = {
				BuildIndependentTargetsInParallel = 1;
				LastSwiftUpdateCheck = 1630;
				LastUpgradeCheck = 1630;
				TargetAttributes = {
					40630D532DE8320E00355273 = {
						CreatedOnToolsVersion = 16.3;
					};
					40630D602DE8320F00355273 = {
						CreatedOnToolsVersion = 16.3;
						TestTargetID = 40630D532DE8320E00355273;
					};
					40630D6A2DE8320F00355273 = {
						CreatedOnToolsVersion = 16.3;
						TestTargetID = 40630D532DE8320E00355273;
					};
				};
			};
			buildConfigurationList = 40630D4F2DE8320E00355273 /* Build configuration list for PBXProject "sleepBreakdown" */;
			developmentRegion = en;
			hasScannedForEncodings = 0;
			knownRegions = (
				en,
				Base,
			);
			mainGroup = 40630D4B2DE8320E00355273;
			minimizedProjectReferenceProxies = 1;
			packageReferences = (
				802095F12DEE76CB00D8CA96 /* XCLocalSwiftPackageReference "../../Downloads/Orb-main" */,
			);
			preferredProjectObjectVersion = 77;
			productRefGroup = 40630D552DE8320E00355273 /* Products */;
			projectDirPath = "";
			projectRoot = "";
			targets = (
				40630D532DE8320E00355273 /* sleepBreakdown */,
				40630D602DE8320F00355273 /* sleepBreakdownTests */,
				40630D6A2DE8320F00355273 /* sleepBreakdownUITests */,
			);
		};
/* End PBXProject section */

/* Begin PBXResourcesBuildPhase section */
		40630D522DE8320E00355273 /* Resources */ = {
			isa = PBXResourcesBuildPhase;
			buildActionMask = 2147483647;
			files = (
				802096392DEEBD9500D8CA96 /* Launch Screen.storyboard in Resources */,
			);
			runOnlyForDeploymentPostprocessing = 0;
		};
		40630D5F2DE8320F00355273 /* Resources */ = {
			isa = PBXResourcesBuildPhase;
			buildActionMask = 2147483647;
			files = (
			);
			runOnlyForDeploymentPostprocessing = 0;
		};
		40630D692DE8320F00355273 /* Resources */ = {
			isa = PBXResourcesBuildPhase;
			buildActionMask = 2147483647;
			files = (
			);
			runOnlyForDeploymentPostprocessing = 0;
		};
/* End PBXResourcesBuildPhase section */

/* Begin PBXSourcesBuildPhase section */
		40630D502DE8320E00355273 /* Sources */ = {
			isa = PBXSourcesBuildPhase;
			buildActionMask = 2147483647;
			files = (
			);
			runOnlyForDeploymentPostprocessing = 0;
		};
		40630D5D2DE8320F00355273 /* Sources */ = {
			isa = PBXSourcesBuildPhase;
			buildActionMask = 2147483647;
			files = (
			);
			runOnlyForDeploymentPostprocessing = 0;
		};
		40630D672DE8320F00355273 /* Sources */ = {
			isa = PBXSourcesBuildPhase;
			buildActionMask = 2147483647;
			files = (
			);
			runOnlyForDeploymentPostprocessing = 0;
		};
/* End PBXSourcesBuildPhase section */

/* Begin PBXTargetDependency section */
		40630D632DE8320F00355273 /* PBXTargetDependency */ = {
			isa = PBXTargetDependency;
			target = 40630D532DE8320E00355273 /* sleepBreakdown */;
			targetProxy = 40630D622DE8320F00355273 /* PBXContainerItemProxy */;
		};
		40630D6D2DE8320F00355273 /* PBXTargetDependency */ = {
			isa = PBXTargetDependency;
			target = 40630D532DE8320E00355273 /* sleepBreakdown */;
			targetProxy = 40630D6C2DE8320F00355273 /* PBXContainerItemProxy */;
		};
/* End PBXTargetDependency section */

/* Begin XCBuildConfiguration section */
		40630D732DE8320F00355273 /* Debug */ = {
			isa = XCBuildConfiguration;
			buildSettings = {
				ALWAYS_SEARCH_USER_PATHS = NO;
				ASSETCATALOG_COMPILER_GENERATE_SWIFT_ASSET_SYMBOL_EXTENSIONS = YES;
				CLANG_ANALYZER_NONNULL = YES;
				CLANG_ANALYZER_NUMBER_OBJECT_CONVERSION = YES_AGGRESSIVE;
				CLANG_CXX_LANGUAGE_STANDARD = "gnu++20";
				CLANG_ENABLE_MODULES = YES;
				CLANG_ENABLE_OBJC_ARC = YES;
				CLANG_ENABLE_OBJC_WEAK = YES;
				CLANG_WARN_BLOCK_CAPTURE_AUTORELEASING = YES;
				CLANG_WARN_BOOL_CONVERSION = YES;
				CLANG_WARN_COMMA = YES;
				CLANG_WARN_CONSTANT_CONVERSION = YES;
				CLANG_WARN_DEPRECATED_OBJC_IMPLEMENTATIONS = YES;
				CLANG_WARN_DIRECT_OBJC_ISA_USAGE = YES_ERROR;
				CLANG_WARN_DOCUMENTATION_COMMENTS = YES;
				CLANG_WARN_EMPTY_BODY = YES;
				CLANG_WARN_ENUM_CONVERSION = YES;
				CLANG_WARN_INFINITE_RECURSION = YES;
				CLANG_WARN_INT_CONVERSION = YES;
				CLANG_WARN_NON_LITERAL_NULL_CONVERSION = YES;
				CLANG_WARN_OBJC_IMPLICIT_RETAIN_SELF = YES;
				CLANG_WARN_OBJC_LITERAL_CONVERSION = YES;
				CLANG_WARN_OBJC_ROOT_CLASS = YES_ERROR;
				CLANG_WARN_QUOTED_INCLUDE_IN_FRAMEWORK_HEADER = YES;
				CLANG_WARN_RANGE_LOOP_ANALYSIS = YES;
				CLANG_WARN_STRICT_PROTOTYPES = YES;
				CLANG_WARN_SUSPICIOUS_MOVE = YES;
				CLANG_WARN_UNGUARDED_AVAILABILITY = YES_AGGRESSIVE;
				CLANG_WARN_UNREACHABLE_CODE = YES;
				CLANG_WARN__DUPLICATE_METHOD_MATCH = YES;
				COPY_PHASE_STRIP = NO;
				DEBUG_INFORMATION_FORMAT = dwarf;
				DEVELOPMENT_TEAM = VW8399GFCK;
				ENABLE_STRICT_OBJC_MSGSEND = YES;
				ENABLE_TESTABILITY = YES;
				ENABLE_USER_SCRIPT_SANDBOXING = YES;
				GCC_C_LANGUAGE_STANDARD = gnu17;
				GCC_DYNAMIC_NO_PIC = NO;
				GCC_NO_COMMON_BLOCKS = YES;
				GCC_OPTIMIZATION_LEVEL = 0;
				GCC_PREPROCESSOR_DEFINITIONS = (
					"DEBUG=1",
					"$(inherited)",
				);
				GCC_WARN_64_TO_32_BIT_CONVERSION = YES;
				GCC_WARN_ABOUT_RETURN_TYPE = YES_ERROR;
				GCC_WARN_UNDECLARED_SELECTOR = YES;
				GCC_WARN_UNINITIALIZED_AUTOS = YES_AGGRESSIVE;
				GCC_WARN_UNUSED_FUNCTION = YES;
				GCC_WARN_UNUSED_VARIABLE = YES;
				IPHONEOS_DEPLOYMENT_TARGET = 18.4;
				LOCALIZATION_PREFERS_STRING_CATALOGS = YES;
				MTL_ENABLE_DEBUG_INFO = INCLUDE_SOURCE;
				MTL_FAST_MATH = YES;
				ONLY_ACTIVE_ARCH = YES;
				SDKROOT = iphoneos;
				SWIFT_ACTIVE_COMPILATION_CONDITIONS = "DEBUG $(inherited)";
				SWIFT_OPTIMIZATION_LEVEL = "-Onone";
			};
			name = Debug;
		};
		40630D742DE8320F00355273 /* Release */ = {
			isa = XCBuildConfiguration;
			buildSettings = {
				ALWAYS_SEARCH_USER_PATHS = NO;
				ASSETCATALOG_COMPILER_GENERATE_SWIFT_ASSET_SYMBOL_EXTENSIONS = YES;
				CLANG_ANALYZER_NONNULL = YES;
				CLANG_ANALYZER_NUMBER_OBJECT_CONVERSION = YES_AGGRESSIVE;
				CLANG_CXX_LANGUAGE_STANDARD = "gnu++20";
				CLANG_ENABLE_MODULES = YES;
				CLANG_ENABLE_OBJC_ARC = YES;
				CLANG_ENABLE_OBJC_WEAK = YES;
				CLANG_WARN_BLOCK_CAPTURE_AUTORELEASING = YES;
				CLANG_WARN_BOOL_CONVERSION = YES;
				CLANG_WARN_COMMA = YES;
				CLANG_WARN_CONSTANT_CONVERSION = YES;
				CLANG_WARN_DEPRECATED_OBJC_IMPLEMENTATIONS = YES;
				CLANG_WARN_DIRECT_OBJC_ISA_USAGE = YES_ERROR;
				CLANG_WARN_DOCUMENTATION_COMMENTS = YES;
				CLANG_WARN_EMPTY_BODY = YES;
				CLANG_WARN_ENUM_CONVERSION = YES;
				CLANG_WARN_INFINITE_RECURSION = YES;
				CLANG_WARN_INT_CONVERSION = YES;
				CLANG_WARN_NON_LITERAL_NULL_CONVERSION = YES;
				CLANG_WARN_OBJC_IMPLICIT_RETAIN_SELF = YES;
				CLANG_WARN_OBJC_LITERAL_CONVERSION = YES;
				CLANG_WARN_OBJC_ROOT_CLASS = YES_ERROR;
				CLANG_WARN_QUOTED_INCLUDE_IN_FRAMEWORK_HEADER = YES;
				CLANG_WARN_RANGE_LOOP_ANALYSIS = YES;
				CLANG_WARN_STRICT_PROTOTYPES = YES;
				CLANG_WARN_SUSPICIOUS_MOVE = YES;
				CLANG_WARN_UNGUARDED_AVAILABILITY = YES_AGGRESSIVE;
				CLANG_WARN_UNREACHABLE_CODE = YES;
				CLANG_WARN__DUPLICATE_METHOD_MATCH = YES;
				COPY_PHASE_STRIP = NO;
				DEBUG_INFORMATION_FORMAT = "dwarf-with-dsym";
				DEVELOPMENT_TEAM = VW8399GFCK;
				ENABLE_NS_ASSERTIONS = NO;
				ENABLE_STRICT_OBJC_MSGSEND = YES;
				ENABLE_USER_SCRIPT_SANDBOXING = YES;
				GCC_C_LANGUAGE_STANDARD = gnu17;
				GCC_NO_COMMON_BLOCKS = YES;
				GCC_WARN_64_TO_32_BIT_CONVERSION = YES;
				GCC_WARN_ABOUT_RETURN_TYPE = YES_ERROR;
				GCC_WARN_UNDECLARED_SELECTOR = YES;
				GCC_WARN_UNINITIALIZED_AUTOS = YES_AGGRESSIVE;
				GCC_WARN_UNUSED_FUNCTION = YES;
				GCC_WARN_UNUSED_VARIABLE = YES;
				IPHONEOS_DEPLOYMENT_TARGET = 18.4;
				LOCALIZATION_PREFERS_STRING_CATALOGS = YES;
				MTL_ENABLE_DEBUG_INFO = NO;
				MTL_FAST_MATH = YES;
				SDKROOT = iphoneos;
				SWIFT_COMPILATION_MODE = wholemodule;
				VALIDATE_PRODUCT = YES;
			};
			name = Release;
		};
		40630D762DE8320F00355273 /* Debug */ = {
			isa = XCBuildConfiguration;
			buildSettings = {
				ASSETCATALOG_COMPILER_APPICON_NAME = AppIcon;
				ASSETCATALOG_COMPILER_GLOBAL_ACCENT_COLOR_NAME = AccentColor;
				ASSETCATALOG_COMPILER_INCLUDE_ALL_APPICON_ASSETS = NO;
				CODE_SIGN_ENTITLEMENTS = sleepBreakdown/sleepBreakdown.entitlements;
				CODE_SIGN_STYLE = Automatic;
				CURRENT_PROJECT_VERSION = 1;
				DEVELOPMENT_TEAM = C2ZR92V3RZ;
				ENABLE_PREVIEWS = YES;
				GENERATE_INFOPLIST_FILE = YES;
				INFOPLIST_KEY_NSHealthClinicalHealthRecordsShareUsageDescription = "Health Record Usage";
				INFOPLIST_KEY_NSHealthShareUsageDescription = "Health Share Usage";
				INFOPLIST_KEY_UIApplicationSceneManifest_Generation = YES;
				INFOPLIST_KEY_UIApplicationSupportsIndirectInputEvents = YES;
				INFOPLIST_KEY_UILaunchScreen_Generation = YES;
				INFOPLIST_KEY_UILaunchStoryboardName = "Launch Screen.storyboard";
				INFOPLIST_KEY_UISupportedInterfaceOrientations_iPad = "UIInterfaceOrientationPortrait UIInterfaceOrientationPortraitUpsideDown UIInterfaceOrientationLandscapeLeft UIInterfaceOrientationLandscapeRight";
				INFOPLIST_KEY_UISupportedInterfaceOrientations_iPhone = "UIInterfaceOrientationPortrait UIInterfaceOrientationLandscapeLeft UIInterfaceOrientationLandscapeRight";
				IPHONEOS_DEPLOYMENT_TARGET = 17.6;
				LD_RUNPATH_SEARCH_PATHS = (
					"$(inherited)",
					"@executable_path/Frameworks",
				);
				MARKETING_VERSION = 1.0;
				PRODUCT_BUNDLE_IDENTIFIER = com.fazry2025.sleepBreakdown;
				PRODUCT_NAME = "$(TARGET_NAME)";
				SWIFT_EMIT_LOC_STRINGS = YES;
				SWIFT_VERSION = 5.0;
				TARGETED_DEVICE_FAMILY = "1,2";
			};
			name = Debug;
		};
		40630D772DE8320F00355273 /* Release */ = {
			isa = XCBuildConfiguration;
			buildSettings = {
				ASSETCATALOG_COMPILER_APPICON_NAME = AppIcon;
				ASSETCATALOG_COMPILER_GLOBAL_ACCENT_COLOR_NAME = AccentColor;
				ASSETCATALOG_COMPILER_INCLUDE_ALL_APPICON_ASSETS = NO;
				CODE_SIGN_ENTITLEMENTS = sleepBreakdown/sleepBreakdown.entitlements;
				CODE_SIGN_STYLE = Automatic;
				CURRENT_PROJECT_VERSION = 1;
				DEVELOPMENT_TEAM = C2ZR92V3RZ;
				ENABLE_PREVIEWS = YES;
				GENERATE_INFOPLIST_FILE = YES;
				INFOPLIST_KEY_NSHealthClinicalHealthRecordsShareUsageDescription = "Health Record Usage";
				INFOPLIST_KEY_NSHealthShareUsageDescription = "Health Share Usage";
				INFOPLIST_KEY_UIApplicationSceneManifest_Generation = YES;
				INFOPLIST_KEY_UIApplicationSupportsIndirectInputEvents = YES;
				INFOPLIST_KEY_UILaunchScreen_Generation = YES;
				INFOPLIST_KEY_UILaunchStoryboardName = "Launch Screen.storyboard";
				INFOPLIST_KEY_UISupportedInterfaceOrientations_iPad = "UIInterfaceOrientationPortrait UIInterfaceOrientationPortraitUpsideDown UIInterfaceOrientationLandscapeLeft UIInterfaceOrientationLandscapeRight";
				INFOPLIST_KEY_UISupportedInterfaceOrientations_iPhone = "UIInterfaceOrientationPortrait UIInterfaceOrientationLandscapeLeft UIInterfaceOrientationLandscapeRight";
				IPHONEOS_DEPLOYMENT_TARGET = 17.6;
				LD_RUNPATH_SEARCH_PATHS = (
					"$(inherited)",
					"@executable_path/Frameworks",
				);
				MARKETING_VERSION = 1.0;
				PRODUCT_BUNDLE_IDENTIFIER = com.fazry2025.sleepBreakdown;
				PRODUCT_NAME = "$(TARGET_NAME)";
				SWIFT_EMIT_LOC_STRINGS = YES;
				SWIFT_VERSION = 5.0;
				TARGETED_DEVICE_FAMILY = "1,2";
			};
			name = Release;
		};
		40630D792DE8320F00355273 /* Debug */ = {
			isa = XCBuildConfiguration;
			buildSettings = {
				BUNDLE_LOADER = "$(TEST_HOST)";
				CODE_SIGN_STYLE = Automatic;
				CURRENT_PROJECT_VERSION = 1;
				DEVELOPMENT_TEAM = VW8399GFCK;
				GENERATE_INFOPLIST_FILE = YES;
				IPHONEOS_DEPLOYMENT_TARGET = 18.4;
				MARKETING_VERSION = 1.0;
				PRODUCT_BUNDLE_IDENTIFIER = com.kiya.sleepBreakdownTests;
				PRODUCT_NAME = "$(TARGET_NAME)";
				SWIFT_EMIT_LOC_STRINGS = NO;
				SWIFT_VERSION = 5.0;
				TARGETED_DEVICE_FAMILY = "1,2";
				TEST_HOST = "$(BUILT_PRODUCTS_DIR)/sleepBreakdown.app/$(BUNDLE_EXECUTABLE_FOLDER_PATH)/sleepBreakdown";
			};
			name = Debug;
		};
		40630D7A2DE8320F00355273 /* Release */ = {
			isa = XCBuildConfiguration;
			buildSettings = {
				BUNDLE_LOADER = "$(TEST_HOST)";
				CODE_SIGN_STYLE = Automatic;
				CURRENT_PROJECT_VERSION = 1;
				DEVELOPMENT_TEAM = VW8399GFCK;
				GENERATE_INFOPLIST_FILE = YES;
				IPHONEOS_DEPLOYMENT_TARGET = 18.4;
				MARKETING_VERSION = 1.0;
				PRODUCT_BUNDLE_IDENTIFIER = com.kiya.sleepBreakdownTests;
				PRODUCT_NAME = "$(TARGET_NAME)";
				SWIFT_EMIT_LOC_STRINGS = NO;
				SWIFT_VERSION = 5.0;
				TARGETED_DEVICE_FAMILY = "1,2";
				TEST_HOST = "$(BUILT_PRODUCTS_DIR)/sleepBreakdown.app/$(BUNDLE_EXECUTABLE_FOLDER_PATH)/sleepBreakdown";
			};
			name = Release;
		};
		40630D7C2DE8320F00355273 /* Debug */ = {
			isa = XCBuildConfiguration;
			buildSettings = {
				CODE_SIGN_STYLE = Automatic;
				CURRENT_PROJECT_VERSION = 1;
				DEVELOPMENT_TEAM = VW8399GFCK;
				GENERATE_INFOPLIST_FILE = YES;
				MARKETING_VERSION = 1.0;
				PRODUCT_BUNDLE_IDENTIFIER = com.kiya.sleepBreakdownUITests;
				PRODUCT_NAME = "$(TARGET_NAME)";
				SWIFT_EMIT_LOC_STRINGS = NO;
				SWIFT_VERSION = 5.0;
				TARGETED_DEVICE_FAMILY = "1,2";
				TEST_TARGET_NAME = sleepBreakdown;
			};
			name = Debug;
		};
		40630D7D2DE8320F00355273 /* Release */ = {
			isa = XCBuildConfiguration;
			buildSettings = {
				CODE_SIGN_STYLE = Automatic;
				CURRENT_PROJECT_VERSION = 1;
				DEVELOPMENT_TEAM = VW8399GFCK;
				GENERATE_INFOPLIST_FILE = YES;
				MARKETING_VERSION = 1.0;
				PRODUCT_BUNDLE_IDENTIFIER = com.kiya.sleepBreakdownUITests;
				PRODUCT_NAME = "$(TARGET_NAME)";
				SWIFT_EMIT_LOC_STRINGS = NO;
				SWIFT_VERSION = 5.0;
				TARGETED_DEVICE_FAMILY = "1,2";
				TEST_TARGET_NAME = sleepBreakdown;
			};
			name = Release;
		};
/* End XCBuildConfiguration section */

/* Begin XCConfigurationList section */
		40630D4F2DE8320E00355273 /* Build configuration list for PBXProject "sleepBreakdown" */ = {
			isa = XCConfigurationList;
			buildConfigurations = (
				40630D732DE8320F00355273 /* Debug */,
				40630D742DE8320F00355273 /* Release */,
			);
			defaultConfigurationIsVisible = 0;
			defaultConfigurationName = Release;
		};
		40630D752DE8320F00355273 /* Build configuration list for PBXNativeTarget "sleepBreakdown" */ = {
			isa = XCConfigurationList;
			buildConfigurations = (
				40630D762DE8320F00355273 /* Debug */,
				40630D772DE8320F00355273 /* Release */,
			);
			defaultConfigurationIsVisible = 0;
			defaultConfigurationName = Release;
		};
		40630D782DE8320F00355273 /* Build configuration list for PBXNativeTarget "sleepBreakdownTests" */ = {
			isa = XCConfigurationList;
			buildConfigurations = (
				40630D792DE8320F00355273 /* Debug */,
				40630D7A2DE8320F00355273 /* Release */,
			);
			defaultConfigurationIsVisible = 0;
			defaultConfigurationName = Release;
		};
		40630D7B2DE8320F00355273 /* Build configuration list for PBXNativeTarget "sleepBreakdownUITests" */ = {
			isa = XCConfigurationList;
			buildConfigurations = (
				40630D7C2DE8320F00355273 /* Debug */,
				40630D7D2DE8320F00355273 /* Release */,
			);
			defaultConfigurationIsVisible = 0;
			defaultConfigurationName = Release;
		};
/* End XCConfigurationList section */

/* Begin XCLocalSwiftPackageReference section */
		802095F12DEE76CB00D8CA96 /* XCLocalSwiftPackageReference "../../Downloads/Orb-main" */ = {
			isa = XCLocalSwiftPackageReference;
			relativePath = "../../Downloads/Orb-main";
		};
/* End XCLocalSwiftPackageReference section */

/* Begin XCSwiftPackageProductDependency section */
		802095F22DEE76CB00D8CA96 /* Orb */ = {
			isa = XCSwiftPackageProductDependency;
			productName = Orb;
		};
		805DC32F2DEDA37B0051F352 /* Orb */ = {
			isa = XCSwiftPackageProductDependency;
			productName = Orb;
		};
		805DC3322DEDA3960051F352 /* Orb */ = {
			isa = XCSwiftPackageProductDependency;
			productName = Orb;
		};
		805DC3352DEDA3E90051F352 /* Orb */ = {
			isa = XCSwiftPackageProductDependency;
			productName = Orb;
		};
/* End XCSwiftPackageProductDependency section */
	};
	rootObject = 40630D4C2DE8320E00355273 /* Project object */;
}
